
Microsoft Visual Studio Solution File, Format Version 12.00
# Visual Studio Version 17
VisualStudioVersion = 17.6.33829.357
MinimumVisualStudioVersion = 10.0.40219.1
Project("{FAE04EC0-301F-11D3-BF4B-00C04F79EFBC}") = "MemberAPI", "MemberAPI\MemberAPI.csproj", "{21E287AE-D62B-4060-9BAD-84DAD2CE89BD}"
	ProjectSection(ProjectDependencies) = postProject
		{D20C571C-9439-4346-A276-481126B78682} = {D20C571C-9439-4346-A276-481126B78682}
	EndProjectSection
EndProject
Project("{FAE04EC0-301F-11D3-BF4B-00C04F79EFBC}") = "Members.Data", "Member.Data\Members.Data.csproj", "{D20C571C-9439-4346-A276-481126B78682}"
EndProject
Global
	GlobalSection(SolutionConfigurationPlatforms) = preSolution
		Debug|Any CPU = Debug|Any CPU
		Release|Any CPU = Release|Any CPU
	EndGlobalSection
	GlobalSection(ProjectConfigurationPlatforms) = postSolution
		{21E287AE-D62B-4060-9BAD-84DAD2CE89BD}.Debug|Any CPU.ActiveCfg = Debug|Any CPU
		{21E287AE-D62B-4060-9BAD-84DAD2CE89BD}.Debug|Any CPU.Build.0 = Debug|Any CPU
		{21E287AE-D62B-4060-9BAD-84DAD2CE89BD}.Release|Any CPU.ActiveCfg = Release|Any CPU
		{21E287AE-D62B-4060-9BAD-84DAD2CE89BD}.Release|Any CPU.Build.0 = Release|Any CPU
		{D20C571C-9439-4346-A276-481126B78682}.Debug|Any CPU.ActiveCfg = Debug|Any CPU
		{D20C571C-9439-4346-A276-481126B78682}.Debug|Any CPU.Build.0 = Debug|Any CPU
		{D20C571C-9439-4346-A276-481126B78682}.Release|Any CPU.ActiveCfg = Release|Any CPU
		{D20C571C-9439-4346-A276-481126B78682}.Release|Any CPU.Build.0 = Release|Any CPU
	EndGlobalSection
	GlobalSection(SolutionProperties) = preSolution
		HideSolutionNode = FALSE
	EndGlobalSection
	GlobalSection(ExtensibilityGlobals) = postSolution
		SolutionGuid = {0077FE6E-B4D5-4CDA-9AD1-C8FE5245497D}
	EndGlobalSection
EndGlobal
